
Microsoft Visual Studio Solution File, Format Version 12.00
# Visual Studio 2013
VisualStudioVersion = 12.0.40629.0
MinimumVisualStudioVersion = 10.0.40219.1
Project("{FAE04EC0-301F-11D3-BF4B-00C04F79EFBC}") = "Common.Logging.Poc", "Common.Logging.Poc\Common.Logging.Poc.csproj", "{C4323324-80EA-42B3-B940-5AA2279D2F7E}"
EndProject
Project("{FAE04EC0-301F-11D3-BF4B-00C04F79EFBC}") = "Common.Logging", "Common.Logging\Common.Logging.csproj", "{2C5E2241-57BE-4828-8D26-03C942405F77}"
EndProject
Project("{2150E333-8FDC-42A3-9474-1A3956D46DE8}") = ".nuget", ".nuget", "{8E778F96-A316-443B-BDF4-870BEA29B907}"
	ProjectSection(SolutionItems) = preProject
		.nuget\NuGet.Config = .nuget\NuGet.Config
		.nuget\NuGet.exe = .nuget\NuGet.exe
		.nuget\NuGet.targets = .nuget\NuGet.targets
	EndProjectSection
EndProject
Project("{FAE04EC0-301F-11D3-BF4B-00C04F79EFBC}") = "Common.ApiControllers", "Common.ApiControllers\Common.ApiControllers.csproj", "{9EE1A412-B2BC-4D62-8F9F-9B2C806E40C4}"
EndProject
Project("{FAE04EC0-301F-11D3-BF4B-00C04F79EFBC}") = "Common.ApiFilters", "Common.ApiFilters\Common.ApiFilters.csproj", "{0285F673-C691-4176-9752-32039FF5ECEE}"
EndProject
Project("{FAE04EC0-301F-11D3-BF4B-00C04F79EFBC}") = "Common.ApiModels", "Common.ApiModels\Common.ApiModels.csproj", "{E585A0AF-6E46-4266-B486-4E1AAD824C66}"
EndProject
Project("{FAE04EC0-301F-11D3-BF4B-00C04F79EFBC}") = "Common.ApiCors", "Common.ApiCors\Common.ApiCors.csproj", "{F561AF68-6051-44F6-BF44-2B58721E3E3F}"
EndProject
Project("{2150E333-8FDC-42A3-9474-1A3956D46DE8}") = "Api", "Api", "{0A332848-134F-40B9-AF6B-80E2B27E7730}"
EndProject
Project("{2150E333-8FDC-42A3-9474-1A3956D46DE8}") = "Extensions", "Extensions", "{671C2A13-D3CC-4183-9759-05FE15CD4D94}"
EndProject
Project("{FAE04EC0-301F-11D3-BF4B-00C04F79EFBC}") = "Extensions.WebApiDependencyResolverExtension", "Extensions.WebApiDependencyResolverExtension\Extensions.WebApiDependencyResolverExtension.csproj", "{5C7418E3-6C34-4D20-AC46-769EC7DDEFEA}"
EndProject
Project("{FAE04EC0-301F-11D3-BF4B-00C04F79EFBC}") = "Extensions.ByteExtensions", "Extensions.ByteExtensions\Extensions.ByteExtensions.csproj", "{3B1AD0B2-950A-4349-B5A2-16FF1922653F}"
EndProject
Project("{FAE04EC0-301F-11D3-BF4B-00C04F79EFBC}") = "Extensions.ClaimExtensions", "Extensions.ClaimExtensions\Extensions.ClaimExtensions.csproj", "{332BD8F0-F219-4697-BCFA-CD1A67B5AC68}"
EndProject
Project("{FAE04EC0-301F-11D3-BF4B-00C04F79EFBC}") = "Extensions.Cryptography", "Extensions.Cryptography\Extensions.Cryptography.csproj", "{65656C1D-DE19-45DD-84D0-B20A71BF9260}"
EndProject
Project("{FAE04EC0-301F-11D3-BF4B-00C04F79EFBC}") = "Extensions.HttpActionContextExtensions", "Extensions.HttpActionContextExtension\Extensions.HttpActionContextExtensions.csproj", "{BEE448BF-57E1-4BBF-8BD8-DADADEADA95D}"
EndProject
Project("{FAE04EC0-301F-11D3-BF4B-00C04F79EFBC}") = "Extensions.Owin", "Extensions.Owin\Extensions.Owin.csproj", "{EB0700AD-E986-40FC-B57C-E488038CB71C}"
EndProject
Project("{FAE04EC0-301F-11D3-BF4B-00C04F79EFBC}") = "Extensions.StringExtensions", "Extensions.StringExetnsions\Extensions.StringExtensions.csproj", "{C6AB4351-162F-4C56-819C-4628F4F4C87E}"
EndProject
Project("{FAE04EC0-301F-11D3-BF4B-00C04F79EFBC}") = "Common.Cryptography", "Common.Cryptography\Common.Cryptography.csproj", "{D1B8E4E8-216F-4B1C-A58C-76E207F978C2}"
EndProject
Project("{FAE04EC0-301F-11D3-BF4B-00C04F79EFBC}") = "Common.Wcf.Authorization", "Common.Wcf.Authorization\Common.Wcf.Authorization.csproj", "{99492D1F-E037-4E74-9777-BD3004E86799}"
EndProject
Project("{2150E333-8FDC-42A3-9474-1A3956D46DE8}") = "Endpoints", "Endpoints", "{C173EA10-DED0-4D73-964A-D2F3CACDDBA7}"
EndProject
Project("{FAE04EC0-301F-11D3-BF4B-00C04F79EFBC}") = "EndpointClients", "EndpointClients\EndpointClients.csproj", "{77D48A27-C759-42AE-8B91-A80CF011BCA5}"
EndProject
Project("{FAE04EC0-301F-11D3-BF4B-00C04F79EFBC}") = "EndpointClients.AuthenticationApi", "EndpointClients.AuthenticationApi\EndpointClients.AuthenticationApi.csproj", "{95B28D7A-BA03-4F2B-921F-5C4102B3B17E}"
EndProject
Project("{FAE04EC0-301F-11D3-BF4B-00C04F79EFBC}") = "EndpointClients.LoggingApi", "EndpointClients.LoggingApi\EndpointClients.LoggingApi.csproj", "{D8152AA8-FF0A-4E1A-A8E5-B26817419802}"
EndProject
Project("{FAE04EC0-301F-11D3-BF4B-00C04F79EFBC}") = "Common.Logging.SqlServerClient", "Common.Logging.SqlServerClient\Common.Logging.SqlServerClient.csproj", "{B4C6377B-C10D-4220-A4D1-145B8DF51021}"
EndProject
Project("{FAE04EC0-301F-11D3-BF4B-00C04F79EFBC}") = "Common.Logging.WebClient", "Common.Logging.WebClient\Common.Logging.WebClient.csproj", "{B60023E9-294A-4A43-AFE5-26578C8AA910}"
EndProject
Project("{FAE04EC0-301F-11D3-BF4B-00C04F79EFBC}") = "Common.Repository", "Common.Repository\Common.Repository.csproj", "{2102E6FA-D6F4-4C05-ABA5-19CA85C49552}"
EndProject
Project("{2150E333-8FDC-42A3-9474-1A3956D46DE8}") = "logging", "logging", "{0941F03C-D245-4590-81F6-824E5FEA021C}"
EndProject
Project("{2150E333-8FDC-42A3-9474-1A3956D46DE8}") = "Wcf", "Wcf", "{06A3CA93-4892-499F-B8FF-6449D6FFFFB2}"
EndProject
Project("{FAE04EC0-301F-11D3-BF4B-00C04F79EFBC}") = "Common.ApiExceptions", "Common.ApiExceptions\Common.ApiExceptions.csproj", "{2E888080-8C14-4D68-951D-280C4FD339DE}"
EndProject
Project("{FAE04EC0-301F-11D3-BF4B-00C04F79EFBC}") = "Common.Notification", "Common.Notification\Common.Notification.csproj", "{886868D2-9155-4CEA-8864-0EAA2D9EC652}"
EndProject
Project("{FAE04EC0-301F-11D3-BF4B-00C04F79EFBC}") = "Extensions.Objects", "Extensions.Objects\Extensions.Objects.csproj", "{72D294FB-299A-4435-9A15-E6BFC00FEDB6}"
EndProject
Project("{2150E333-8FDC-42A3-9474-1A3956D46DE8}") = "Repositories", "Repositories", "{A56DF8DC-49CA-4E2C-8392-5DA036BDC707}"
EndProject
Project("{FAE04EC0-301F-11D3-BF4B-00C04F79EFBC}") = "Common.ApiClaims", "Common.ApiClaims\Common.ApiClaims.csproj", "{CBACB0F6-D2BE-4BA5-810F-17B978D0AB93}"
EndProject
Project("{2150E333-8FDC-42A3-9474-1A3956D46DE8}") = "IdentityProviders", "IdentityProviders", "{BB50E987-E84B-45BA-A0F3-7218A4787A57}"
EndProject
Project("{FAE04EC0-301F-11D3-BF4B-00C04F79EFBC}") = "IdentityProviders.SqlServerProvider", "IdentityProviders.SqlServerProvider\IdentityProviders.SqlServerProvider.csproj", "{B75A70E7-BD90-4D8C-8B86-FD152D885E31}"
EndProject
Global
	GlobalSection(SolutionConfigurationPlatforms) = preSolution
		Debug|Any CPU = Debug|Any CPU
		Release|Any CPU = Release|Any CPU
	EndGlobalSection
	GlobalSection(ProjectConfigurationPlatforms) = postSolution
		{C4323324-80EA-42B3-B940-5AA2279D2F7E}.Debug|Any CPU.ActiveCfg = Debug|Any CPU
		{C4323324-80EA-42B3-B940-5AA2279D2F7E}.Debug|Any CPU.Build.0 = Debug|Any CPU
		{C4323324-80EA-42B3-B940-5AA2279D2F7E}.Release|Any CPU.ActiveCfg = Release|Any CPU
		{C4323324-80EA-42B3-B940-5AA2279D2F7E}.Release|Any CPU.Build.0 = Release|Any CPU
		{2C5E2241-57BE-4828-8D26-03C942405F77}.Debug|Any CPU.ActiveCfg = Debug|Any CPU
		{2C5E2241-57BE-4828-8D26-03C942405F77}.Debug|Any CPU.Build.0 = Debug|Any CPU
		{2C5E2241-57BE-4828-8D26-03C942405F77}.Release|Any CPU.ActiveCfg = Release|Any CPU
		{2C5E2241-57BE-4828-8D26-03C942405F77}.Release|Any CPU.Build.0 = Release|Any CPU
		{9EE1A412-B2BC-4D62-8F9F-9B2C806E40C4}.Debug|Any CPU.ActiveCfg = Debug|Any CPU
		{9EE1A412-B2BC-4D62-8F9F-9B2C806E40C4}.Debug|Any CPU.Build.0 = Debug|Any CPU
		{9EE1A412-B2BC-4D62-8F9F-9B2C806E40C4}.Release|Any CPU.ActiveCfg = Release|Any CPU
		{9EE1A412-B2BC-4D62-8F9F-9B2C806E40C4}.Release|Any CPU.Build.0 = Release|Any CPU
		{0285F673-C691-4176-9752-32039FF5ECEE}.Debug|Any CPU.ActiveCfg = Debug|Any CPU
		{0285F673-C691-4176-9752-32039FF5ECEE}.Debug|Any CPU.Build.0 = Debug|Any CPU
		{0285F673-C691-4176-9752-32039FF5ECEE}.Release|Any CPU.ActiveCfg = Release|Any CPU
		{0285F673-C691-4176-9752-32039FF5ECEE}.Release|Any CPU.Build.0 = Release|Any CPU
		{E585A0AF-6E46-4266-B486-4E1AAD824C66}.Debug|Any CPU.ActiveCfg = Debug|Any CPU
		{E585A0AF-6E46-4266-B486-4E1AAD824C66}.Debug|Any CPU.Build.0 = Debug|Any CPU
		{E585A0AF-6E46-4266-B486-4E1AAD824C66}.Release|Any CPU.ActiveCfg = Release|Any CPU
		{E585A0AF-6E46-4266-B486-4E1AAD824C66}.Release|Any CPU.Build.0 = Release|Any CPU
		{F561AF68-6051-44F6-BF44-2B58721E3E3F}.Debug|Any CPU.ActiveCfg = Debug|Any CPU
		{F561AF68-6051-44F6-BF44-2B58721E3E3F}.Debug|Any CPU.Build.0 = Debug|Any CPU
		{F561AF68-6051-44F6-BF44-2B58721E3E3F}.Release|Any CPU.ActiveCfg = Release|Any CPU
		{F561AF68-6051-44F6-BF44-2B58721E3E3F}.Release|Any CPU.Build.0 = Release|Any CPU
		{5C7418E3-6C34-4D20-AC46-769EC7DDEFEA}.Debug|Any CPU.ActiveCfg = Debug|Any CPU
		{5C7418E3-6C34-4D20-AC46-769EC7DDEFEA}.Debug|Any CPU.Build.0 = Debug|Any CPU
		{5C7418E3-6C34-4D20-AC46-769EC7DDEFEA}.Release|Any CPU.ActiveCfg = Release|Any CPU
		{5C7418E3-6C34-4D20-AC46-769EC7DDEFEA}.Release|Any CPU.Build.0 = Release|Any CPU
		{3B1AD0B2-950A-4349-B5A2-16FF1922653F}.Debug|Any CPU.ActiveCfg = Debug|Any CPU
		{3B1AD0B2-950A-4349-B5A2-16FF1922653F}.Debug|Any CPU.Build.0 = Debug|Any CPU
		{3B1AD0B2-950A-4349-B5A2-16FF1922653F}.Release|Any CPU.ActiveCfg = Release|Any CPU
		{3B1AD0B2-950A-4349-B5A2-16FF1922653F}.Release|Any CPU.Build.0 = Release|Any CPU
		{332BD8F0-F219-4697-BCFA-CD1A67B5AC68}.Debug|Any CPU.ActiveCfg = Debug|Any CPU
		{332BD8F0-F219-4697-BCFA-CD1A67B5AC68}.Debug|Any CPU.Build.0 = Debug|Any CPU
		{332BD8F0-F219-4697-BCFA-CD1A67B5AC68}.Release|Any CPU.ActiveCfg = Release|Any CPU
		{332BD8F0-F219-4697-BCFA-CD1A67B5AC68}.Release|Any CPU.Build.0 = Release|Any CPU
		{65656C1D-DE19-45DD-84D0-B20A71BF9260}.Debug|Any CPU.ActiveCfg = Debug|Any CPU
		{65656C1D-DE19-45DD-84D0-B20A71BF9260}.Debug|Any CPU.Build.0 = Debug|Any CPU
		{65656C1D-DE19-45DD-84D0-B20A71BF9260}.Release|Any CPU.ActiveCfg = Release|Any CPU
		{65656C1D-DE19-45DD-84D0-B20A71BF9260}.Release|Any CPU.Build.0 = Release|Any CPU
		{BEE448BF-57E1-4BBF-8BD8-DADADEADA95D}.Debug|Any CPU.ActiveCfg = Debug|Any CPU
		{BEE448BF-57E1-4BBF-8BD8-DADADEADA95D}.Debug|Any CPU.Build.0 = Debug|Any CPU
		{BEE448BF-57E1-4BBF-8BD8-DADADEADA95D}.Release|Any CPU.ActiveCfg = Release|Any CPU
		{BEE448BF-57E1-4BBF-8BD8-DADADEADA95D}.Release|Any CPU.Build.0 = Release|Any CPU
		{EB0700AD-E986-40FC-B57C-E488038CB71C}.Debug|Any CPU.ActiveCfg = Debug|Any CPU
		{EB0700AD-E986-40FC-B57C-E488038CB71C}.Debug|Any CPU.Build.0 = Debug|Any CPU
		{EB0700AD-E986-40FC-B57C-E488038CB71C}.Release|Any CPU.ActiveCfg = Release|Any CPU
		{EB0700AD-E986-40FC-B57C-E488038CB71C}.Release|Any CPU.Build.0 = Release|Any CPU
		{C6AB4351-162F-4C56-819C-4628F4F4C87E}.Debug|Any CPU.ActiveCfg = Debug|Any CPU
		{C6AB4351-162F-4C56-819C-4628F4F4C87E}.Debug|Any CPU.Build.0 = Debug|Any CPU
		{C6AB4351-162F-4C56-819C-4628F4F4C87E}.Release|Any CPU.ActiveCfg = Release|Any CPU
		{C6AB4351-162F-4C56-819C-4628F4F4C87E}.Release|Any CPU.Build.0 = Release|Any CPU
		{D1B8E4E8-216F-4B1C-A58C-76E207F978C2}.Debug|Any CPU.ActiveCfg = Debug|Any CPU
		{D1B8E4E8-216F-4B1C-A58C-76E207F978C2}.Debug|Any CPU.Build.0 = Debug|Any CPU
		{D1B8E4E8-216F-4B1C-A58C-76E207F978C2}.Release|Any CPU.ActiveCfg = Release|Any CPU
		{D1B8E4E8-216F-4B1C-A58C-76E207F978C2}.Release|Any CPU.Build.0 = Release|Any CPU
		{99492D1F-E037-4E74-9777-BD3004E86799}.Debug|Any CPU.ActiveCfg = Debug|Any CPU
		{99492D1F-E037-4E74-9777-BD3004E86799}.Debug|Any CPU.Build.0 = Debug|Any CPU
		{99492D1F-E037-4E74-9777-BD3004E86799}.Release|Any CPU.ActiveCfg = Release|Any CPU
		{99492D1F-E037-4E74-9777-BD3004E86799}.Release|Any CPU.Build.0 = Release|Any CPU
		{77D48A27-C759-42AE-8B91-A80CF011BCA5}.Debug|Any CPU.ActiveCfg = Debug|Any CPU
		{77D48A27-C759-42AE-8B91-A80CF011BCA5}.Debug|Any CPU.Build.0 = Debug|Any CPU
		{77D48A27-C759-42AE-8B91-A80CF011BCA5}.Release|Any CPU.ActiveCfg = Release|Any CPU
		{77D48A27-C759-42AE-8B91-A80CF011BCA5}.Release|Any CPU.Build.0 = Release|Any CPU
		{95B28D7A-BA03-4F2B-921F-5C4102B3B17E}.Debug|Any CPU.ActiveCfg = Debug|Any CPU
		{95B28D7A-BA03-4F2B-921F-5C4102B3B17E}.Debug|Any CPU.Build.0 = Debug|Any CPU
		{95B28D7A-BA03-4F2B-921F-5C4102B3B17E}.Release|Any CPU.ActiveCfg = Release|Any CPU
		{95B28D7A-BA03-4F2B-921F-5C4102B3B17E}.Release|Any CPU.Build.0 = Release|Any CPU
		{D8152AA8-FF0A-4E1A-A8E5-B26817419802}.Debug|Any CPU.ActiveCfg = Debug|Any CPU
		{D8152AA8-FF0A-4E1A-A8E5-B26817419802}.Debug|Any CPU.Build.0 = Debug|Any CPU
		{D8152AA8-FF0A-4E1A-A8E5-B26817419802}.Release|Any CPU.ActiveCfg = Release|Any CPU
		{D8152AA8-FF0A-4E1A-A8E5-B26817419802}.Release|Any CPU.Build.0 = Release|Any CPU
		{B4C6377B-C10D-4220-A4D1-145B8DF51021}.Debug|Any CPU.ActiveCfg = Debug|Any CPU
		{B4C6377B-C10D-4220-A4D1-145B8DF51021}.Debug|Any CPU.Build.0 = Debug|Any CPU
		{B4C6377B-C10D-4220-A4D1-145B8DF51021}.Release|Any CPU.ActiveCfg = Release|Any CPU
		{B4C6377B-C10D-4220-A4D1-145B8DF51021}.Release|Any CPU.Build.0 = Release|Any CPU
		{B60023E9-294A-4A43-AFE5-26578C8AA910}.Debug|Any CPU.ActiveCfg = Debug|Any CPU
		{B60023E9-294A-4A43-AFE5-26578C8AA910}.Debug|Any CPU.Build.0 = Debug|Any CPU
		{B60023E9-294A-4A43-AFE5-26578C8AA910}.Release|Any CPU.ActiveCfg = Release|Any CPU
		{B60023E9-294A-4A43-AFE5-26578C8AA910}.Release|Any CPU.Build.0 = Release|Any CPU
		{2102E6FA-D6F4-4C05-ABA5-19CA85C49552}.Debug|Any CPU.ActiveCfg = Debug|Any CPU
		{2102E6FA-D6F4-4C05-ABA5-19CA85C49552}.Debug|Any CPU.Build.0 = Debug|Any CPU
		{2102E6FA-D6F4-4C05-ABA5-19CA85C49552}.Release|Any CPU.ActiveCfg = Release|Any CPU
		{2102E6FA-D6F4-4C05-ABA5-19CA85C49552}.Release|Any CPU.Build.0 = Release|Any CPU
		{2E888080-8C14-4D68-951D-280C4FD339DE}.Debug|Any CPU.ActiveCfg = Debug|Any CPU
		{2E888080-8C14-4D68-951D-280C4FD339DE}.Debug|Any CPU.Build.0 = Debug|Any CPU
		{2E888080-8C14-4D68-951D-280C4FD339DE}.Release|Any CPU.ActiveCfg = Release|Any CPU
		{2E888080-8C14-4D68-951D-280C4FD339DE}.Release|Any CPU.Build.0 = Release|Any CPU
		{886868D2-9155-4CEA-8864-0EAA2D9EC652}.Debug|Any CPU.ActiveCfg = Debug|Any CPU
		{886868D2-9155-4CEA-8864-0EAA2D9EC652}.Debug|Any CPU.Build.0 = Debug|Any CPU
		{886868D2-9155-4CEA-8864-0EAA2D9EC652}.Release|Any CPU.ActiveCfg = Release|Any CPU
		{886868D2-9155-4CEA-8864-0EAA2D9EC652}.Release|Any CPU.Build.0 = Release|Any CPU
		{72D294FB-299A-4435-9A15-E6BFC00FEDB6}.Debug|Any CPU.ActiveCfg = Debug|Any CPU
		{72D294FB-299A-4435-9A15-E6BFC00FEDB6}.Debug|Any CPU.Build.0 = Debug|Any CPU
		{72D294FB-299A-4435-9A15-E6BFC00FEDB6}.Release|Any CPU.ActiveCfg = Release|Any CPU
		{72D294FB-299A-4435-9A15-E6BFC00FEDB6}.Release|Any CPU.Build.0 = Release|Any CPU
		{CBACB0F6-D2BE-4BA5-810F-17B978D0AB93}.Debug|Any CPU.ActiveCfg = Debug|Any CPU
		{CBACB0F6-D2BE-4BA5-810F-17B978D0AB93}.Debug|Any CPU.Build.0 = Debug|Any CPU
		{CBACB0F6-D2BE-4BA5-810F-17B978D0AB93}.Release|Any CPU.ActiveCfg = Release|Any CPU
		{CBACB0F6-D2BE-4BA5-810F-17B978D0AB93}.Release|Any CPU.Build.0 = Release|Any CPU
		{B75A70E7-BD90-4D8C-8B86-FD152D885E31}.Debug|Any CPU.ActiveCfg = Debug|Any CPU
		{B75A70E7-BD90-4D8C-8B86-FD152D885E31}.Debug|Any CPU.Build.0 = Debug|Any CPU
		{B75A70E7-BD90-4D8C-8B86-FD152D885E31}.Release|Any CPU.ActiveCfg = Release|Any CPU
		{B75A70E7-BD90-4D8C-8B86-FD152D885E31}.Release|Any CPU.Build.0 = Release|Any CPU
	EndGlobalSection
	GlobalSection(SolutionProperties) = preSolution
		HideSolutionNode = FALSE
	EndGlobalSection
	GlobalSection(NestedProjects) = preSolution
		{C4323324-80EA-42B3-B940-5AA2279D2F7E} = {0941F03C-D245-4590-81F6-824E5FEA021C}
		{2C5E2241-57BE-4828-8D26-03C942405F77} = {0941F03C-D245-4590-81F6-824E5FEA021C}
		{9EE1A412-B2BC-4D62-8F9F-9B2C806E40C4} = {0A332848-134F-40B9-AF6B-80E2B27E7730}
		{0285F673-C691-4176-9752-32039FF5ECEE} = {0A332848-134F-40B9-AF6B-80E2B27E7730}
		{E585A0AF-6E46-4266-B486-4E1AAD824C66} = {0A332848-134F-40B9-AF6B-80E2B27E7730}
		{F561AF68-6051-44F6-BF44-2B58721E3E3F} = {0A332848-134F-40B9-AF6B-80E2B27E7730}
		{5C7418E3-6C34-4D20-AC46-769EC7DDEFEA} = {671C2A13-D3CC-4183-9759-05FE15CD4D94}
		{3B1AD0B2-950A-4349-B5A2-16FF1922653F} = {671C2A13-D3CC-4183-9759-05FE15CD4D94}
		{332BD8F0-F219-4697-BCFA-CD1A67B5AC68} = {671C2A13-D3CC-4183-9759-05FE15CD4D94}
		{65656C1D-DE19-45DD-84D0-B20A71BF9260} = {671C2A13-D3CC-4183-9759-05FE15CD4D94}
		{BEE448BF-57E1-4BBF-8BD8-DADADEADA95D} = {671C2A13-D3CC-4183-9759-05FE15CD4D94}
		{EB0700AD-E986-40FC-B57C-E488038CB71C} = {671C2A13-D3CC-4183-9759-05FE15CD4D94}
		{C6AB4351-162F-4C56-819C-4628F4F4C87E} = {671C2A13-D3CC-4183-9759-05FE15CD4D94}
		{99492D1F-E037-4E74-9777-BD3004E86799} = {06A3CA93-4892-499F-B8FF-6449D6FFFFB2}
		{77D48A27-C759-42AE-8B91-A80CF011BCA5} = {C173EA10-DED0-4D73-964A-D2F3CACDDBA7}
		{95B28D7A-BA03-4F2B-921F-5C4102B3B17E} = {C173EA10-DED0-4D73-964A-D2F3CACDDBA7}
		{D8152AA8-FF0A-4E1A-A8E5-B26817419802} = {C173EA10-DED0-4D73-964A-D2F3CACDDBA7}
		{B4C6377B-C10D-4220-A4D1-145B8DF51021} = {0941F03C-D245-4590-81F6-824E5FEA021C}
		{B60023E9-294A-4A43-AFE5-26578C8AA910} = {0941F03C-D245-4590-81F6-824E5FEA021C}
		{2102E6FA-D6F4-4C05-ABA5-19CA85C49552} = {A56DF8DC-49CA-4E2C-8392-5DA036BDC707}
		{2E888080-8C14-4D68-951D-280C4FD339DE} = {0A332848-134F-40B9-AF6B-80E2B27E7730}
		{72D294FB-299A-4435-9A15-E6BFC00FEDB6} = {671C2A13-D3CC-4183-9759-05FE15CD4D94}
		{CBACB0F6-D2BE-4BA5-810F-17B978D0AB93} = {0A332848-134F-40B9-AF6B-80E2B27E7730}
		{B75A70E7-BD90-4D8C-8B86-FD152D885E31} = {BB50E987-E84B-45BA-A0F3-7218A4787A57}
	EndGlobalSection
EndGlobal
